# THIS IS AN AUTOGENERATED FILE. DO NOT EDIT THIS FILE DIRECTLY.
# yarn lockfile v1


jspdf-autotable@^3.8.2:
  version "3.8.2"
  resolved "https://registry.yarnpkg.com/jspdf-autotable/-/jspdf-autotable-3.8.2.tgz#44d4c4e18494ccd6e31765e4d2adadda25b9713e"
  integrity sha512-zW1ix99/mtR4MbIni7IqvrpfHmuTaICl6iv6wqjRN86Nxtwaw/QtOeDbpXqYSzHIJK9JvgtLM283sc5x+ipkJg==
